
Microsoft Visual Studio Solution File, Format Version 12.00
# Visual Studio Version 16
VisualStudioVersion = 16.0.29403.142
MinimumVisualStudioVersion = 10.0.40219.1
Project("{FAE04EC0-301F-11D3-BF4B-00C04F79EFBC}") = "PokeApp", "PokeApp\PokeApp\PokeApp.csproj", "{7C4FCB5F-0507-445F-B50F-3F3E27C93597}"
EndProject
Project("{FAE04EC0-301F-11D3-BF4B-00C04F79EFBC}") = "PokeApp.Android", "PokeApp\PokeApp.Android\PokeApp.Android.csproj", "{1A328DF1-73A7-4819-9F9B-1D7F23DA0E6F}"
EndProject
Project("{FAE04EC0-301F-11D3-BF4B-00C04F79EFBC}") = "PokeApp.iOS", "PokeApp\PokeApp.iOS\PokeApp.iOS.csproj", "{051251CC-0B05-406D-9525-E0A9DB23D7B0}"
EndProject
Global
	GlobalSection(SolutionConfigurationPlatforms) = preSolution
		Ad-Hoc|Any CPU = Ad-Hoc|Any CPU
		Ad-Hoc|iPhone = Ad-Hoc|iPhone
		Ad-Hoc|iPhoneSimulator = Ad-Hoc|iPhoneSimulator
		AppStore|Any CPU = AppStore|Any CPU
		AppStore|iPhone = AppStore|iPhone
		AppStore|iPhoneSimulator = AppStore|iPhoneSimulator
		Debug|Any CPU = Debug|Any CPU
		Debug|iPhone = Debug|iPhone
		Debug|iPhoneSimulator = Debug|iPhoneSimulator
		Release|Any CPU = Release|Any CPU
		Release|iPhone = Release|iPhone
		Release|iPhoneSimulator = Release|iPhoneSimulator
	EndGlobalSection
	GlobalSection(ProjectConfigurationPlatforms) = postSolution
		{7C4FCB5F-0507-445F-B50F-3F3E27C93597}.Ad-Hoc|Any CPU.ActiveCfg = Debug|Any CPU
		{7C4FCB5F-0507-445F-B50F-3F3E27C93597}.Ad-Hoc|Any CPU.Build.0 = Debug|Any CPU
		{7C4FCB5F-0507-445F-B50F-3F3E27C93597}.Ad-Hoc|iPhone.ActiveCfg = Debug|Any CPU
		{7C4FCB5F-0507-445F-B50F-3F3E27C93597}.Ad-Hoc|iPhone.Build.0 = Debug|Any CPU
		{7C4FCB5F-0507-445F-B50F-3F3E27C93597}.Ad-Hoc|iPhoneSimulator.ActiveCfg = Debug|Any CPU
		{7C4FCB5F-0507-445F-B50F-3F3E27C93597}.Ad-Hoc|iPhoneSimulator.Build.0 = Debug|Any CPU
		{7C4FCB5F-0507-445F-B50F-3F3E27C93597}.AppStore|Any CPU.ActiveCfg = Debug|Any CPU
		{7C4FCB5F-0507-445F-B50F-3F3E27C93597}.AppStore|Any CPU.Build.0 = Debug|Any CPU
		{7C4FCB5F-0507-445F-B50F-3F3E27C93597}.AppStore|iPhone.ActiveCfg = Debug|Any CPU
		{7C4FCB5F-0507-445F-B50F-3F3E27C93597}.AppStore|iPhone.Build.0 = Debug|Any CPU
		{7C4FCB5F-0507-445F-B50F-3F3E27C93597}.AppStore|iPhoneSimulator.ActiveCfg = Debug|Any CPU
		{7C4FCB5F-0507-445F-B50F-3F3E27C93597}.AppStore|iPhoneSimulator.Build.0 = Debug|Any CPU
		{7C4FCB5F-0507-445F-B50F-3F3E27C93597}.Debug|Any CPU.ActiveCfg = Debug|Any CPU
		{7C4FCB5F-0507-445F-B50F-3F3E27C93597}.Debug|Any CPU.Build.0 = Debug|Any CPU
		{7C4FCB5F-0507-445F-B50F-3F3E27C93597}.Debug|iPhone.ActiveCfg = Debug|Any CPU
		{7C4FCB5F-0507-445F-B50F-3F3E27C93597}.Debug|iPhone.Build.0 = Debug|Any CPU
		{7C4FCB5F-0507-445F-B50F-3F3E27C93597}.Debug|iPhoneSimulator.ActiveCfg = Debug|Any CPU
		{7C4FCB5F-0507-445F-B50F-3F3E27C93597}.Debug|iPhoneSimulator.Build.0 = Debug|Any CPU
		{7C4FCB5F-0507-445F-B50F-3F3E27C93597}.Release|Any CPU.ActiveCfg = Release|Any CPU
		{7C4FCB5F-0507-445F-B50F-3F3E27C93597}.Release|Any CPU.Build.0 = Release|Any CPU
		{7C4FCB5F-0507-445F-B50F-3F3E27C93597}.Release|iPhone.ActiveCfg = Release|Any CPU
		{7C4FCB5F-0507-445F-B50F-3F3E27C93597}.Release|iPhone.Build.0 = Release|Any CPU
		{7C4FCB5F-0507-445F-B50F-3F3E27C93597}.Release|iPhoneSimulator.ActiveCfg = Release|Any CPU
		{7C4FCB5F-0507-445F-B50F-3F3E27C93597}.Release|iPhoneSimulator.Build.0 = Release|Any CPU
		{1A328DF1-73A7-4819-9F9B-1D7F23DA0E6F}.Ad-Hoc|Any CPU.ActiveCfg = Release|Any CPU
		{1A328DF1-73A7-4819-9F9B-1D7F23DA0E6F}.Ad-Hoc|Any CPU.Build.0 = Release|Any CPU
		{1A328DF1-73A7-4819-9F9B-1D7F23DA0E6F}.Ad-Hoc|Any CPU.Deploy.0 = Release|Any CPU
		{1A328DF1-73A7-4819-9F9B-1D7F23DA0E6F}.Ad-Hoc|iPhone.ActiveCfg = Release|Any CPU
		{1A328DF1-73A7-4819-9F9B-1D7F23DA0E6F}.Ad-Hoc|iPhone.Build.0 = Release|Any CPU
		{1A328DF1-73A7-4819-9F9B-1D7F23DA0E6F}.Ad-Hoc|iPhone.Deploy.0 = Release|Any CPU
		{1A328DF1-73A7-4819-9F9B-1D7F23DA0E6F}.Ad-Hoc|iPhoneSimulator.ActiveCfg = Release|Any CPU
		{1A328DF1-73A7-4819-9F9B-1D7F23DA0E6F}.Ad-Hoc|iPhoneSimulator.Build.0 = Release|Any CPU
		{1A328DF1-73A7-4819-9F9B-1D7F23DA0E6F}.Ad-Hoc|iPhoneSimulator.Deploy.0 = Release|Any CPU
		{1A328DF1-73A7-4819-9F9B-1D7F23DA0E6F}.AppStore|Any CPU.ActiveCfg = Release|Any CPU
		{1A328DF1-73A7-4819-9F9B-1D7F23DA0E6F}.AppStore|Any CPU.Build.0 = Release|Any CPU
		{1A328DF1-73A7-4819-9F9B-1D7F23DA0E6F}.AppStore|Any CPU.Deploy.0 = Release|Any CPU
		{1A328DF1-73A7-4819-9F9B-1D7F23DA0E6F}.AppStore|iPhone.ActiveCfg = Release|Any CPU
		{1A328DF1-73A7-4819-9F9B-1D7F23DA0E6F}.AppStore|iPhone.Build.0 = Release|Any CPU
		{1A328DF1-73A7-4819-9F9B-1D7F23DA0E6F}.AppStore|iPhone.Deploy.0 = Release|Any CPU
		{1A328DF1-73A7-4819-9F9B-1D7F23DA0E6F}.AppStore|iPhoneSimulator.ActiveCfg = Release|Any CPU
		{1A328DF1-73A7-4819-9F9B-1D7F23DA0E6F}.AppStore|iPhoneSimulator.Build.0 = Release|Any CPU
		{1A328DF1-73A7-4819-9F9B-1D7F23DA0E6F}.AppStore|iPhoneSimulator.Deploy.0 = Release|Any CPU
		{1A328DF1-73A7-4819-9F9B-1D7F23DA0E6F}.Debug|Any CPU.ActiveCfg = Debug|Any CPU
		{1A328DF1-73A7-4819-9F9B-1D7F23DA0E6F}.Debug|Any CPU.Build.0 = Debug|Any CPU
		{1A328DF1-73A7-4819-9F9B-1D7F23DA0E6F}.Debug|Any CPU.Deploy.0 = Debug|Any CPU
		{1A328DF1-73A7-4819-9F9B-1D7F23DA0E6F}.Debug|iPhone.ActiveCfg = Debug|Any CPU
		{1A328DF1-73A7-4819-9F9B-1D7F23DA0E6F}.Debug|iPhone.Build.0 = Debug|Any CPU
		{1A328DF1-73A7-4819-9F9B-1D7F23DA0E6F}.Debug|iPhone.Deploy.0 = Debug|Any CPU
		{1A328DF1-73A7-4819-9F9B-1D7F23DA0E6F}.Debug|iPhoneSimulator.ActiveCfg = Debug|Any CPU
		{1A328DF1-73A7-4819-9F9B-1D7F23DA0E6F}.Debug|iPhoneSimulator.Build.0 = Debug|Any CPU
		{1A328DF1-73A7-4819-9F9B-1D7F23DA0E6F}.Debug|iPhoneSimulator.Deploy.0 = Debug|Any CPU
		{1A328DF1-73A7-4819-9F9B-1D7F23DA0E6F}.Release|Any CPU.ActiveCfg = Release|Any CPU
		{1A328DF1-73A7-4819-9F9B-1D7F23DA0E6F}.Release|Any CPU.Build.0 = Release|Any CPU
		{1A328DF1-73A7-4819-9F9B-1D7F23DA0E6F}.Release|Any CPU.Deploy.0 = Release|Any CPU
		{1A328DF1-73A7-4819-9F9B-1D7F23DA0E6F}.Release|iPhone.ActiveCfg = Release|Any CPU
		{1A328DF1-73A7-4819-9F9B-1D7F23DA0E6F}.Release|iPhone.Build.0 = Release|Any CPU
		{1A328DF1-73A7-4819-9F9B-1D7F23DA0E6F}.Release|iPhone.Deploy.0 = Release|Any CPU
		{1A328DF1-73A7-4819-9F9B-1D7F23DA0E6F}.Release|iPhoneSimulator.ActiveCfg = Release|Any CPU
		{1A328DF1-73A7-4819-9F9B-1D7F23DA0E6F}.Release|iPhoneSimulator.Build.0 = Release|Any CPU
		{1A328DF1-73A7-4819-9F9B-1D7F23DA0E6F}.Release|iPhoneSimulator.Deploy.0 = Release|Any CPU
		{051251CC-0B05-406D-9525-E0A9DB23D7B0}.Ad-Hoc|Any CPU.ActiveCfg = Ad-Hoc|iPhone
		{051251CC-0B05-406D-9525-E0A9DB23D7B0}.Ad-Hoc|iPhone.ActiveCfg = Ad-Hoc|iPhone
		{051251CC-0B05-406D-9525-E0A9DB23D7B0}.Ad-Hoc|iPhone.Build.0 = Ad-Hoc|iPhone
		{051251CC-0B05-406D-9525-E0A9DB23D7B0}.Ad-Hoc|iPhoneSimulator.ActiveCfg = Ad-Hoc|iPhoneSimulator
		{051251CC-0B05-406D-9525-E0A9DB23D7B0}.Ad-Hoc|iPhoneSimulator.Build.0 = Ad-Hoc|iPhoneSimulator
		{051251CC-0B05-406D-9525-E0A9DB23D7B0}.AppStore|Any CPU.ActiveCfg = AppStore|iPhone
		{051251CC-0B05-406D-9525-E0A9DB23D7B0}.AppStore|iPhone.ActiveCfg = AppStore|iPhone
		{051251CC-0B05-406D-9525-E0A9DB23D7B0}.AppStore|iPhone.Build.0 = AppStore|iPhone
		{051251CC-0B05-406D-9525-E0A9DB23D7B0}.AppStore|iPhoneSimulator.ActiveCfg = AppStore|iPhoneSimulator
		{051251CC-0B05-406D-9525-E0A9DB23D7B0}.AppStore|iPhoneSimulator.Build.0 = AppStore|iPhoneSimulator
		{051251CC-0B05-406D-9525-E0A9DB23D7B0}.Debug|Any CPU.ActiveCfg = Debug|iPhone
		{051251CC-0B05-406D-9525-E0A9DB23D7B0}.Debug|iPhone.ActiveCfg = Debug|iPhone
		{051251CC-0B05-406D-9525-E0A9DB23D7B0}.Debug|iPhone.Build.0 = Debug|iPhone
		{051251CC-0B05-406D-9525-E0A9DB23D7B0}.Debug|iPhoneSimulator.ActiveCfg = Debug|iPhoneSimulator
		{051251CC-0B05-406D-9525-E0A9DB23D7B0}.Debug|iPhoneSimulator.Build.0 = Debug|iPhoneSimulator
		{051251CC-0B05-406D-9525-E0A9DB23D7B0}.Release|Any CPU.ActiveCfg = Release|iPhone
		{051251CC-0B05-406D-9525-E0A9DB23D7B0}.Release|iPhone.ActiveCfg = Release|iPhone
		{051251CC-0B05-406D-9525-E0A9DB23D7B0}.Release|iPhone.Build.0 = Release|iPhone
		{051251CC-0B05-406D-9525-E0A9DB23D7B0}.Release|iPhoneSimulator.ActiveCfg = Release|iPhoneSimulator
		{051251CC-0B05-406D-9525-E0A9DB23D7B0}.Release|iPhoneSimulator.Build.0 = Release|iPhoneSimulator
	EndGlobalSection
	GlobalSection(SolutionProperties) = preSolution
		HideSolutionNode = FALSE
	EndGlobalSection
	GlobalSection(ExtensibilityGlobals) = postSolution
		SolutionGuid = {EF71F2E7-DBAF-4F42-96AF-F0E8AAD5C73B}
	EndGlobalSection
EndGlobal
